
Microsoft Visual Studio Solution File, Format Version 12.00
# Visual Studio Version 16
VisualStudioVersion = 16.0.31005.135
MinimumVisualStudioVersion = 10.0.40219.1
Project("{FAE04EC0-301F-11D3-BF4B-00C04F79EFBC}") = "LojaDeJogos", "LojaDeJogos\LojaDeJogos.csproj", "{4389BC3F-4095-4EA7-93EB-F80BB87819DA}"
EndProject
Global
	GlobalSection(SolutionConfigurationPlatforms) = preSolution
		Debug|Any CPU = Debug|Any CPU
		Release|Any CPU = Release|Any CPU
	EndGlobalSection
	GlobalSection(ProjectConfigurationPlatforms) = postSolution
		{4389BC3F-4095-4EA7-93EB-F80BB87819DA}.Debug|Any CPU.ActiveCfg = Debug|Any CPU
		{4389BC3F-4095-4EA7-93EB-F80BB87819DA}.Debug|Any CPU.Build.0 = Debug|Any CPU
		{4389BC3F-4095-4EA7-93EB-F80BB87819DA}.Release|Any CPU.ActiveCfg = Release|Any CPU
		{4389BC3F-4095-4EA7-93EB-F80BB87819DA}.Release|Any CPU.Build.0 = Release|Any CPU
	EndGlobalSection
	GlobalSection(SolutionProperties) = preSolution
		HideSolutionNode = FALSE
	EndGlobalSection
	GlobalSection(ExtensibilityGlobals) = postSolution
		SolutionGuid = {445C8144-C654-419A-8170-FB14755130DF}
	EndGlobalSection
EndGlobal
